
Microsoft Visual Studio Solution File, Format Version 12.00
# Visual Studio 15
VisualStudioVersion = 15.0.28010.2048
MinimumVisualStudioVersion = 10.0.40219.1
Project("{FAE04EC0-301F-11D3-BF4B-00C04F79EFBC}") = "Assemblies", "Assemblies\Assemblies.csproj", "{B2409B94-6E1D-4C1D-A5A8-CF146AF8983C}"
EndProject
Global
	GlobalSection(SolutionConfigurationPlatforms) = preSolution
		Debug|Any CPU = Debug|Any CPU
		Release|Any CPU = Release|Any CPU
	EndGlobalSection
	GlobalSection(ProjectConfigurationPlatforms) = postSolution
		{B2409B94-6E1D-4C1D-A5A8-CF146AF8983C}.Debug|Any CPU.ActiveCfg = Debug|Any CPU
		{B2409B94-6E1D-4C1D-A5A8-CF146AF8983C}.Debug|Any CPU.Build.0 = Debug|Any CPU
		{B2409B94-6E1D-4C1D-A5A8-CF146AF8983C}.Release|Any CPU.ActiveCfg = Release|Any CPU
		{B2409B94-6E1D-4C1D-A5A8-CF146AF8983C}.Release|Any CPU.Build.0 = Release|Any CPU
	EndGlobalSection
	GlobalSection(SolutionProperties) = preSolution
		HideSolutionNode = FALSE
	EndGlobalSection
	GlobalSection(ExtensibilityGlobals) = postSolution
		SolutionGuid = {7A852735-7936-4C72-ABFA-B7D087E895B7}
	EndGlobalSection
EndGlobal
