
Microsoft Visual Studio Solution File, Format Version 12.00
# Visual Studio 15
VisualStudioVersion = 15.0.28010.2048
MinimumVisualStudioVersion = 10.0.40219.1
Project("{FAE04EC0-301F-11D3-BF4B-00C04F79EFBC}") = "WorkingWithSerialization", "WorkingWithSerialization\WorkingWithSerialization.csproj", "{6A1DAB9A-289E-4784-8475-D47A9238380C}"
EndProject
Global
	GlobalSection(SolutionConfigurationPlatforms) = preSolution
		Debug|Any CPU = Debug|Any CPU
		Release|Any CPU = Release|Any CPU
	EndGlobalSection
	GlobalSection(ProjectConfigurationPlatforms) = postSolution
		{6A1DAB9A-289E-4784-8475-D47A9238380C}.Debug|Any CPU.ActiveCfg = Debug|Any CPU
		{6A1DAB9A-289E-4784-8475-D47A9238380C}.Debug|Any CPU.Build.0 = Debug|Any CPU
		{6A1DAB9A-289E-4784-8475-D47A9238380C}.Release|Any CPU.ActiveCfg = Release|Any CPU
		{6A1DAB9A-289E-4784-8475-D47A9238380C}.Release|Any CPU.Build.0 = Release|Any CPU
	EndGlobalSection
	GlobalSection(SolutionProperties) = preSolution
		HideSolutionNode = FALSE
	EndGlobalSection
	GlobalSection(ExtensibilityGlobals) = postSolution
		SolutionGuid = {C77969B6-6240-436F-8FE6-2871BB283537}
	EndGlobalSection
EndGlobal
